
Microsoft Visual Studio Solution File, Format Version 11.00
# Visual Basic Express 2010
Project("{F184B08F-C81C-45F6-A57F-5ABD9991F28F}") = "Notizbuch 1.0.0.1", "Notizbuch 1.0.0.1\Notizbuch 1.0.0.1.vbproj", "{644A1DC3-FDFB-4B91-BBC8-B8E5D3D5F0EB}"
EndProject
Global
	GlobalSection(SolutionConfigurationPlatforms) = preSolution
		Debug|x86 = Debug|x86
		Release|x86 = Release|x86
	EndGlobalSection
	GlobalSection(ProjectConfigurationPlatforms) = postSolution
		{644A1DC3-FDFB-4B91-BBC8-B8E5D3D5F0EB}.Debug|x86.ActiveCfg = Debug|x86
		{644A1DC3-FDFB-4B91-BBC8-B8E5D3D5F0EB}.Debug|x86.Build.0 = Debug|x86
		{644A1DC3-FDFB-4B91-BBC8-B8E5D3D5F0EB}.Release|x86.ActiveCfg = Release|x86
		{644A1DC3-FDFB-4B91-BBC8-B8E5D3D5F0EB}.Release|x86.Build.0 = Release|x86
	EndGlobalSection
	GlobalSection(SolutionProperties) = preSolution
		HideSolutionNode = FALSE
	EndGlobalSection
EndGlobal
